
Microsoft Visual Studio Solution File, Format Version 12.00
# Visual Studio Version 16
VisualStudioVersion = 16.0.30804.86
MinimumVisualStudioVersion = 10.0.40219.1
Project("{FAE04EC0-301F-11D3-BF4B-00C04F79EFBC}") = "ArithmeticCoderAndDecoder", "ArithmeticCoderAndDecoder\ArithmeticCoderAndDecoder.csproj", "{156B55B5-8D38-418C-A2FE-D8CC847BD19F}"
EndProject
Global
	GlobalSection(SolutionConfigurationPlatforms) = preSolution
		Debug|Any CPU = Debug|Any CPU
		Release|Any CPU = Release|Any CPU
	EndGlobalSection
	GlobalSection(ProjectConfigurationPlatforms) = postSolution
		{156B55B5-8D38-418C-A2FE-D8CC847BD19F}.Debug|Any CPU.ActiveCfg = Debug|Any CPU
		{156B55B5-8D38-418C-A2FE-D8CC847BD19F}.Debug|Any CPU.Build.0 = Debug|Any CPU
		{156B55B5-8D38-418C-A2FE-D8CC847BD19F}.Release|Any CPU.ActiveCfg = Release|Any CPU
		{156B55B5-8D38-418C-A2FE-D8CC847BD19F}.Release|Any CPU.Build.0 = Release|Any CPU
	EndGlobalSection
	GlobalSection(SolutionProperties) = preSolution
		HideSolutionNode = FALSE
	EndGlobalSection
	GlobalSection(ExtensibilityGlobals) = postSolution
		SolutionGuid = {A45CB54D-9789-40BD-B064-54C832F550E1}
	EndGlobalSection
EndGlobal
